
Microsoft Visual Studio Solution File, Format Version 12.00
# Visual Studio Version 16
VisualStudioVersion = 16.0.31005.135
MinimumVisualStudioVersion = 10.0.40219.1
Project("{FAE04EC0-301F-11D3-BF4B-00C04F79EFBC}") = "WebApi_Training_Playground", "WebApi_Training_Playground.csproj", "{04EE78DD-5DCD-41DB-B2FC-F193E6555C42}"
EndProject
Global
	GlobalSection(SolutionConfigurationPlatforms) = preSolution
		Debug|Any CPU = Debug|Any CPU
		Release|Any CPU = Release|Any CPU
	EndGlobalSection
	GlobalSection(ProjectConfigurationPlatforms) = postSolution
		{04EE78DD-5DCD-41DB-B2FC-F193E6555C42}.Debug|Any CPU.ActiveCfg = Debug|Any CPU
		{04EE78DD-5DCD-41DB-B2FC-F193E6555C42}.Debug|Any CPU.Build.0 = Debug|Any CPU
		{04EE78DD-5DCD-41DB-B2FC-F193E6555C42}.Release|Any CPU.ActiveCfg = Release|Any CPU
		{04EE78DD-5DCD-41DB-B2FC-F193E6555C42}.Release|Any CPU.Build.0 = Release|Any CPU
	EndGlobalSection
	GlobalSection(SolutionProperties) = preSolution
		HideSolutionNode = FALSE
	EndGlobalSection
	GlobalSection(ExtensibilityGlobals) = postSolution
		SolutionGuid = {DD84F35C-62E3-44F1-9CC9-2D11D4D31BF3}
	EndGlobalSection
EndGlobal
